
Microsoft Visual Studio Solution File, Format Version 12.00
# Visual Studio Version 16
VisualStudioVersion = 16.0.29215.179
MinimumVisualStudioVersion = 10.0.40219.1
Project("{FAE04EC0-301F-11D3-BF4B-00C04F79EFBC}") = "VLCPlayer", "VLCPlayer.csproj", "{8F5EFA9B-FC6C-4182-BBBC-21D51D677B61}"
EndProject
Global
	GlobalSection(SolutionConfigurationPlatforms) = preSolution
		Debug|Any CPU = Debug|Any CPU
		Release|Any CPU = Release|Any CPU
	EndGlobalSection
	GlobalSection(ProjectConfigurationPlatforms) = postSolution
		{8F5EFA9B-FC6C-4182-BBBC-21D51D677B61}.Debug|Any CPU.ActiveCfg = Debug|Any CPU
		{8F5EFA9B-FC6C-4182-BBBC-21D51D677B61}.Debug|Any CPU.Build.0 = Debug|Any CPU
		{8F5EFA9B-FC6C-4182-BBBC-21D51D677B61}.Release|Any CPU.ActiveCfg = Release|Any CPU
		{8F5EFA9B-FC6C-4182-BBBC-21D51D677B61}.Release|Any CPU.Build.0 = Release|Any CPU
	EndGlobalSection
	GlobalSection(SolutionProperties) = preSolution
		HideSolutionNode = FALSE
	EndGlobalSection
	GlobalSection(ExtensibilityGlobals) = postSolution
		SolutionGuid = {0B3DD6F2-D0B8-470F-A0DB-7DD8D53DCA80}
	EndGlobalSection
EndGlobal
